lockfileVersion: 5.4

specifiers:
  toml: ^3.0.0
  vitepress: 1.0.0-alpha.4
  vue: ^3.2.37

devDependencies:
  toml: 3.0.0
  vitepress: 1.0.0-alpha.4
  vue: 3.2.37

packages:

  /@algolia/autocomplete-core/1.7.1:
    resolution: {integrity: sha512-eiZw+fxMzNQn01S8dA/hcCpoWCOCwcIIEUtHHdzN5TGB3IpzLbuhqFeTfh2OUhhgkE8Uo17+wH+QJ/wYyQmmzg==}
    dependencies:
      '@algolia/autocomplete-shared': 1.7.1
    dev: true

  /@algolia/autocomplete-preset-algolia/1.7.1_algoliasearch@4.14.2:
    resolution: {integrity: sha512-pJwmIxeJCymU1M6cGujnaIYcY3QPOVYZOXhFkWVM7IxKzy272BwCvMFMyc5NpG/QmiObBxjo7myd060OeTNJXg==}
    peerDependencies:
      '@algolia/client-search': ^4.9.1
      algoliasearch: ^4.9.1
    peerDependenciesMeta:
      '@algolia/client-search':
        optional: true
    dependencies:
      '@algolia/autocomplete-shared': 1.7.1
      algoliasearch: 4.14.2
    dev: true

  /@algolia/autocomplete-shared/1.7.1:
    resolution: {integrity: sha512-eTmGVqY3GeyBTT8IWiB2K5EuURAqhnumfktAEoHxfDY2o7vg2rSnO16ZtIG0fMgt3py28Vwgq42/bVEuaQV7pg==}
    dev: true

  /@algolia/cache-browser-local-storage/4.14.2:
    resolution: {integrity: sha512-FRweBkK/ywO+GKYfAWbrepewQsPTIEirhi1BdykX9mxvBPtGNKccYAxvGdDCumU1jL4r3cayio4psfzKMejBlA==}
    dependencies:
      '@algolia/cache-common': 4.14.2
    dev: true

  /@algolia/cache-common/4.14.2:
    resolution: {integrity: sha512-SbvAlG9VqNanCErr44q6lEKD2qoK4XtFNx9Qn8FK26ePCI8I9yU7pYB+eM/cZdS9SzQCRJBbHUumVr4bsQ4uxg==}
    dev: true

  /@algolia/cache-in-memory/4.14.2:
    resolution: {integrity: sha512-HrOukWoop9XB/VFojPv1R5SVXowgI56T9pmezd/djh2JnVN/vXswhXV51RKy4nCpqxyHt/aGFSq2qkDvj6KiuQ==}
    dependencies:
      '@algolia/cache-common': 4.14.2
    dev: true

  /@algolia/client-account/4.14.2:
    resolution: {integrity: sha512-WHtriQqGyibbb/Rx71YY43T0cXqyelEU0lB2QMBRXvD2X0iyeGl4qMxocgEIcbHyK7uqE7hKgjT8aBrHqhgc1w==}
    dependencies:
      '@algolia/client-common': 4.14.2
      '@algolia/client-search': 4.14.2
      '@algolia/transporter': 4.14.2
    dev: true

  /@algolia/client-analytics/4.14.2:
    resolution: {integrity: sha512-yBvBv2mw+HX5a+aeR0dkvUbFZsiC4FKSnfqk9rrfX+QrlNOKEhCG0tJzjiOggRW4EcNqRmaTULIYvIzQVL2KYQ==}
    dependencies:
      '@algolia/client-common': 4.14.2
      '@algolia/client-search': 4.14.2
      '@algolia/requester-common': 4.14.2
      '@algolia/transporter': 4.14.2
    dev: true

  /@algolia/client-common/4.14.2:
    resolution: {integrity: sha512-43o4fslNLcktgtDMVaT5XwlzsDPzlqvqesRi4MjQz2x4/Sxm7zYg5LRYFol1BIhG6EwxKvSUq8HcC/KxJu3J0Q==}
    dependencies:
      '@algolia/requester-common': 4.14.2
      '@algolia/transporter': 4.14.2
    dev: true

  /@algolia/client-personalization/4.14.2:
    resolution: {integrity: sha512-ACCoLi0cL8CBZ1W/2juehSltrw2iqsQBnfiu/Rbl9W2yE6o2ZUb97+sqN/jBqYNQBS+o0ekTMKNkQjHHAcEXNw==}
    dependencies:
      '@algolia/client-common': 4.14.2
      '@algolia/requester-common': 4.14.2
      '@algolia/transporter': 4.14.2
    dev: true

  /@algolia/client-search/4.14.2:
    resolution: {integrity: sha512-L5zScdOmcZ6NGiVbLKTvP02UbxZ0njd5Vq9nJAmPFtjffUSOGEp11BmD2oMJ5QvARgx2XbX4KzTTNS5ECYIMWw==}
    dependencies:
      '@algolia/client-common': 4.14.2
      '@algolia/requester-common': 4.14.2
      '@algolia/transporter': 4.14.2
    dev: true

  /@algolia/logger-common/4.14.2:
    resolution: {integrity: sha512-/JGlYvdV++IcMHBnVFsqEisTiOeEr6cUJtpjz8zc0A9c31JrtLm318Njc72p14Pnkw3A/5lHHh+QxpJ6WFTmsA==}
    dev: true

  /@algolia/logger-console/4.14.2:
    resolution: {integrity: sha512-8S2PlpdshbkwlLCSAB5f8c91xyc84VM9Ar9EdfE9UmX+NrKNYnWR1maXXVDQQoto07G1Ol/tYFnFVhUZq0xV/g==}
    dependencies:
      '@algolia/logger-common': 4.14.2
    dev: true

  /@algolia/requester-browser-xhr/4.14.2:
    resolution: {integrity: sha512-CEh//xYz/WfxHFh7pcMjQNWgpl4wFB85lUMRyVwaDPibNzQRVcV33YS+63fShFWc2+42YEipFGH2iPzlpszmDw==}
    dependencies:
      '@algolia/requester-common': 4.14.2
    dev: true

  /@algolia/requester-common/4.14.2:
    resolution: {integrity: sha512-73YQsBOKa5fvVV3My7iZHu1sUqmjjfs9TteFWwPwDmnad7T0VTCopttcsM3OjLxZFtBnX61Xxl2T2gmG2O4ehg==}
    dev: true

  /@algolia/requester-node-http/4.14.2:
    resolution: {integrity: sha512-oDbb02kd1o5GTEld4pETlPZLY0e+gOSWjWMJHWTgDXbv9rm/o2cF7japO6Vj1ENnrqWvLBmW1OzV9g6FUFhFXg==}
    dependencies:
      '@algolia/requester-common': 4.14.2
    dev: true

  /@algolia/transporter/4.14.2:
    resolution: {integrity: sha512-t89dfQb2T9MFQHidjHcfhh6iGMNwvuKUvojAj+JsrHAGbuSy7yE4BylhLX6R0Q1xYRoC4Vvv+O5qIw/LdnQfsQ==}
    dependencies:
      '@algolia/cache-common': 4.14.2
      '@algolia/logger-common': 4.14.2
      '@algolia/requester-common': 4.14.2
    dev: true

  /@babel/helper-string-parser/7.18.10:
    resolution: {integrity: sha512-XtIfWmeNY3i4t7t4D2t02q50HvqHybPqW2ki1kosnvWCwuCMeo81Jf0gwr85jy/neUdg5XDdeFE/80DXiO+njw==}
    engines: {node: '>=6.9.0'}
    dev: true

  /@babel/helper-validator-identifier/7.18.6:
    resolution: {integrity: sha512-MmetCkz9ej86nJQV+sFCxoGGrUbU3q02kgLciwkrt9QqEB7cP39oKEY0PakknEO0Gu20SskMRi+AYZ3b1TpN9g==}
    engines: {node: '>=6.9.0'}
    dev: true

  /@babel/parser/7.18.10:
    resolution: {integrity: sha512-TYk3OA0HKL6qNryUayb5UUEhM/rkOQozIBEA5ITXh5DWrSp0TlUQXMyZmnWxG/DizSWBeeQ0Zbc5z8UGaaqoeg==}
    engines: {node: '>=6.0.0'}
    hasBin: true
    dependencies:
      '@babel/types': 7.18.10
    dev: true

  /@babel/types/7.18.10:
    resolution: {integrity: sha512-MJvnbEiiNkpjo+LknnmRrqbY1GPUUggjv+wQVjetM/AONoupqRALB7I6jGqNUAZsKcRIEu2J6FRFvsczljjsaQ==}
    engines: {node: '>=6.9.0'}
    dependencies:
      '@babel/helper-string-parser': 7.18.10
      '@babel/helper-validator-identifier': 7.18.6
      to-fast-properties: 2.0.0
    dev: true

  /@docsearch/css/3.2.0:
    resolution: {integrity: sha512-jnNrO2JVYYhj2pP2FomlHIy6220n6mrLn2t9v2/qc+rM7M/fbIcKMgk9ky4RN+L/maUEmteckzg6/PIYoAAXJg==}
    dev: true

  /@docsearch/js/3.2.0:
    resolution: {integrity: sha512-FEgXW8a+ZKBjSDteFPsKQ7Hlzk6+18A2Y7NffjV+VTsE7P3uTvHPKHKDCeYMnAgXTatRCGHWCfP7YImTSwEFQA==}
    dependencies:
      '@docsearch/react': 3.2.0
      preact: 10.10.0
    transitivePeerDependencies:
      - '@algolia/client-search'
      - '@types/react'
      - react
      - react-dom
    dev: true

  /@docsearch/react/3.2.0:
    resolution: {integrity: sha512-ATS3w5JBgQGQF0kHn5iOAPfnCCaoLouZQMmI7oENV//QMFrYbjhUZxBU9lIwAT7Rzybud+Jtb4nG5IEjBk3Ixw==}
    peerDependencies:
      '@types/react': '>= 16.8.0 < 19.0.0'
      react: '>= 16.8.0 < 19.0.0'
      react-dom: '>= 16.8.0 < 19.0.0'
    peerDependenciesMeta:
      '@types/react':
        optional: true
      react:
        optional: true
      react-dom:
        optional: true
    dependencies:
      '@algolia/autocomplete-core': 1.7.1
      '@algolia/autocomplete-preset-algolia': 1.7.1_algoliasearch@4.14.2
      '@docsearch/css': 3.2.0
      algoliasearch: 4.14.2
    transitivePeerDependencies:
      - '@algolia/client-search'
    dev: true

  /@esbuild/linux-loong64/0.14.53:
    resolution: {integrity: sha512-W2dAL6Bnyn4xa/QRSU3ilIK4EzD5wgYXKXJiS1HDF5vU3675qc2bvFyLwbUcdmssDveyndy7FbitrCoiV/eMLg==}
    engines: {node: '>=12'}
    cpu: [loong64]
    os: [linux]
    requiresBuild: true
    dev: true
    optional: true

  /@types/web-bluetooth/0.0.14:
    resolution: {integrity: sha512-5d2RhCard1nQUC3aHcq/gHzWYO6K0WJmAbjO7mQJgCQKtZpgXxv1rOM6O/dBDhDYYVutk1sciOgNSe+5YyfM8A==}
    dev: true

  /@vitejs/plugin-vue/2.3.3_vite@2.9.14+vue@3.2.37:
    resolution: {integrity: sha512-SmQLDyhz+6lGJhPELsBdzXGc+AcaT8stgkbiTFGpXPe8Tl1tJaBw1A6pxDqDuRsVkD8uscrkx3hA7QDOoKYtyw==}
    engines: {node: '>=12.0.0'}
    peerDependencies:
      vite: ^2.5.10
      vue: ^3.2.25
    dependencies:
      vite: 2.9.14
      vue: 3.2.37
    dev: true

  /@vue/compiler-core/3.2.37:
    resolution: {integrity: sha512-81KhEjo7YAOh0vQJoSmAD68wLfYqJvoiD4ulyedzF+OEk/bk6/hx3fTNVfuzugIIaTrOx4PGx6pAiBRe5e9Zmg==}
    dependencies:
      '@babel/parser': 7.18.10
      '@vue/shared': 3.2.37
      estree-walker: 2.0.2
      source-map: 0.6.1
    dev: true

  /@vue/compiler-dom/3.2.37:
    resolution: {integrity: sha512-yxJLH167fucHKxaqXpYk7x8z7mMEnXOw3G2q62FTkmsvNxu4FQSu5+3UMb+L7fjKa26DEzhrmCxAgFLLIzVfqQ==}
    dependencies:
      '@vue/compiler-core': 3.2.37
      '@vue/shared': 3.2.37
    dev: true

  /@vue/compiler-sfc/3.2.37:
    resolution: {integrity: sha512-+7i/2+9LYlpqDv+KTtWhOZH+pa8/HnX/905MdVmAcI/mPQOBwkHHIzrsEsucyOIZQYMkXUiTkmZq5am/NyXKkg==}
    dependencies:
      '@babel/parser': 7.18.10
      '@vue/compiler-core': 3.2.37
      '@vue/compiler-dom': 3.2.37
      '@vue/compiler-ssr': 3.2.37
      '@vue/reactivity-transform': 3.2.37
      '@vue/shared': 3.2.37
      estree-walker: 2.0.2
      magic-string: 0.25.9
      postcss: 8.4.14
      source-map: 0.6.1
    dev: true

  /@vue/compiler-ssr/3.2.37:
    resolution: {integrity: sha512-7mQJD7HdXxQjktmsWp/J67lThEIcxLemz1Vb5I6rYJHR5vI+lON3nPGOH3ubmbvYGt8xEUaAr1j7/tIFWiEOqw==}
    dependencies:
      '@vue/compiler-dom': 3.2.37
      '@vue/shared': 3.2.37
    dev: true

  /@vue/devtools-api/6.2.1:
    resolution: {integrity: sha512-OEgAMeQXvCoJ+1x8WyQuVZzFo0wcyCmUR3baRVLmKBo1LmYZWMlRiXlux5jd0fqVJu6PfDbOrZItVqUEzLobeQ==}
    dev: true

  /@vue/reactivity-transform/3.2.37:
    resolution: {integrity: sha512-IWopkKEb+8qpu/1eMKVeXrK0NLw9HicGviJzhJDEyfxTR9e1WtpnnbYkJWurX6WwoFP0sz10xQg8yL8lgskAZg==}
    dependencies:
      '@babel/parser': 7.18.10
      '@vue/compiler-core': 3.2.37
      '@vue/shared': 3.2.37
      estree-walker: 2.0.2
      magic-string: 0.25.9
    dev: true

  /@vue/reactivity/3.2.37:
    resolution: {integrity: sha512-/7WRafBOshOc6m3F7plwzPeCu/RCVv9uMpOwa/5PiY1Zz+WLVRWiy0MYKwmg19KBdGtFWsmZ4cD+LOdVPcs52A==}
    dependencies:
      '@vue/shared': 3.2.37
    dev: true

  /@vue/runtime-core/3.2.37:
    resolution: {integrity: sha512-JPcd9kFyEdXLl/i0ClS7lwgcs0QpUAWj+SKX2ZC3ANKi1U4DOtiEr6cRqFXsPwY5u1L9fAjkinIdB8Rz3FoYNQ==}
    dependencies:
      '@vue/reactivity': 3.2.37
      '@vue/shared': 3.2.37
    dev: true

  /@vue/runtime-dom/3.2.37:
    resolution: {integrity: sha512-HimKdh9BepShW6YozwRKAYjYQWg9mQn63RGEiSswMbW+ssIht1MILYlVGkAGGQbkhSh31PCdoUcfiu4apXJoPw==}
    dependencies:
      '@vue/runtime-core': 3.2.37
      '@vue/shared': 3.2.37
      csstype: 2.6.20
    dev: true

  /@vue/server-renderer/3.2.37_vue@3.2.37:
    resolution: {integrity: sha512-kLITEJvaYgZQ2h47hIzPh2K3jG8c1zCVbp/o/bzQOyvzaKiCquKS7AaioPI28GNxIsE/zSx+EwWYsNxDCX95MA==}
    peerDependencies:
      vue: 3.2.37
    dependencies:
      '@vue/compiler-ssr': 3.2.37
      '@vue/shared': 3.2.37
      vue: 3.2.37
    dev: true

  /@vue/shared/3.2.37:
    resolution: {integrity: sha512-4rSJemR2NQIo9Klm1vabqWjD8rs/ZaJSzMxkMNeJS6lHiUjjUeYFbooN19NgFjztubEKh3WlZUeOLVdbbUWHsw==}
    dev: true

  /@vueuse/core/8.9.4_vue@3.2.37:
    resolution: {integrity: sha512-B/Mdj9TK1peFyWaPof+Zf/mP9XuGAngaJZBwPaXBvU3aCTZlx3ltlrFFFyMV4iGBwsjSCeUCgZrtkEj9dS2Y3Q==}
    peerDependencies:
      '@vue/composition-api': ^1.1.0
      vue: ^2.6.0 || ^3.2.0
    peerDependenciesMeta:
      '@vue/composition-api':
        optional: true
      vue:
        optional: true
    dependencies:
      '@types/web-bluetooth': 0.0.14
      '@vueuse/metadata': 8.9.4
      '@vueuse/shared': 8.9.4_vue@3.2.37
      vue: 3.2.37
      vue-demi: 0.13.6_vue@3.2.37
    dev: true

  /@vueuse/metadata/8.9.4:
    resolution: {integrity: sha512-IwSfzH80bnJMzqhaapqJl9JRIiyQU0zsRGEgnxN6jhq7992cPUJIRfV+JHRIZXjYqbwt07E1gTEp0R0zPJ1aqw==}
    dev: true

  /@vueuse/shared/8.9.4_vue@3.2.37:
    resolution: {integrity: sha512-wt+T30c4K6dGRMVqPddexEVLa28YwxW5OFIPmzUHICjphfAuBFTTdDoyqREZNDOFJZ44ARH1WWQNCUK8koJ+Ag==}
    peerDependencies:
      '@vue/composition-api': ^1.1.0
      vue: ^2.6.0 || ^3.2.0
    peerDependenciesMeta:
      '@vue/composition-api':
        optional: true
      vue:
        optional: true
    dependencies:
      vue: 3.2.37
      vue-demi: 0.13.6_vue@3.2.37
    dev: true

  /algoliasearch/4.14.2:
    resolution: {integrity: sha512-ngbEQonGEmf8dyEh5f+uOIihv4176dgbuOZspiuhmTTBRBuzWu3KCGHre6uHj5YyuC7pNvQGzB6ZNJyZi0z+Sg==}
    dependencies:
      '@algolia/cache-browser-local-storage': 4.14.2
      '@algolia/cache-common': 4.14.2
      '@algolia/cache-in-memory': 4.14.2
      '@algolia/client-account': 4.14.2
      '@algolia/client-analytics': 4.14.2
      '@algolia/client-common': 4.14.2
      '@algolia/client-personalization': 4.14.2
      '@algolia/client-search': 4.14.2
      '@algolia/logger-common': 4.14.2
      '@algolia/logger-console': 4.14.2
      '@algolia/requester-browser-xhr': 4.14.2
      '@algolia/requester-common': 4.14.2
      '@algolia/requester-node-http': 4.14.2
      '@algolia/transporter': 4.14.2
    dev: true

  /body-scroll-lock/4.0.0-beta.0:
    resolution: {integrity: sha512-a7tP5+0Mw3YlUJcGAKUqIBkYYGlYxk2fnCasq/FUph1hadxlTRjF+gAcZksxANnaMnALjxEddmSi/H3OR8ugcQ==}
    dev: true

  /csstype/2.6.20:
    resolution: {integrity: sha512-/WwNkdXfckNgw6S5R125rrW8ez139lBHWouiBvX8dfMFtcn6V81REDqnH7+CRpRipfYlyU1CmOnOxrmGcFOjeA==}
    dev: true

  /esbuild-android-64/0.14.53:
    resolution: {integrity: sha512-fIL93sOTnEU+NrTAVMIKiAw0YH22HWCAgg4N4Z6zov2t0kY9RAJ50zY9ZMCQ+RT6bnOfDt8gCTnt/RaSNA2yRA==}
    engines: {node: '>=12'}
    cpu: [x64]
    os: [android]
    requiresBuild: true
    dev: true
    optional: true

  /esbuild-android-arm64/0.14.53:
    resolution: {integrity: sha512-PC7KaF1v0h/nWpvlU1UMN7dzB54cBH8qSsm7S9mkwFA1BXpaEOufCg8hdoEI1jep0KeO/rjZVWrsH8+q28T77A==}
    engines: {node: '>=12'}
    cpu: [arm64]
    os: [android]
    requiresBuild: true
    dev: true
    optional: true

  /esbuild-darwin-64/0.14.53:
    resolution: {integrity: sha512-gE7P5wlnkX4d4PKvLBUgmhZXvL7lzGRLri17/+CmmCzfncIgq8lOBvxGMiQ4xazplhxq+72TEohyFMZLFxuWvg==}
    engines: {node: '>=12'}
    cpu: [x64]
    os: [darwin]
    requiresBuild: true
    dev: true
    optional: true

  /esbuild-darwin-arm64/0.14.53:
    resolution: {integrity: sha512-otJwDU3hnI15Q98PX4MJbknSZ/WSR1I45il7gcxcECXzfN4Mrpft5hBDHXNRnCh+5858uPXBXA1Vaz2jVWLaIA==}
    engines: {node: '>=12'}
    cpu: [arm64]
    os: [darwin]
    requiresBuild: true
    dev: true
    optional: true

  /esbuild-freebsd-64/0.14.53:
    resolution: {integrity: sha512-WkdJa8iyrGHyKiPF4lk0MiOF87Q2SkE+i+8D4Cazq3/iqmGPJ6u49je300MFi5I2eUsQCkaOWhpCVQMTKGww2w==}
    engines: {node: '>=12'}
    cpu: [x64]
    os: [freebsd]
    requiresBuild: true
    dev: true
    optional: true

  /esbuild-freebsd-arm64/0.14.53:
    resolution: {integrity: sha512-9T7WwCuV30NAx0SyQpw8edbKvbKELnnm1FHg7gbSYaatH+c8WJW10g/OdM7JYnv7qkimw2ZTtSA+NokOLd2ydQ==}
    engines: {node: '>=12'}
    cpu: [arm64]
    os: [freebsd]
    requiresBuild: true
    dev: true
    optional: true

  /esbuild-linux-32/0.14.53:
    resolution: {integrity: sha512-VGanLBg5en2LfGDgLEUxQko2lqsOS7MTEWUi8x91YmsHNyzJVT/WApbFFx3MQGhkf+XdimVhpyo5/G0PBY91zg==}
    engines: {node: '>=12'}
    cpu: [ia32]
    os: [linux]
    requiresBuild: true
    dev: true
    optional: true

  /esbuild-linux-64/0.14.53:
    resolution: {integrity: sha512-pP/FA55j/fzAV7N9DF31meAyjOH6Bjuo3aSKPh26+RW85ZEtbJv9nhoxmGTd9FOqjx59Tc1ZbrJabuiXlMwuZQ==}
    engines: {node: '>=12'}
    cpu: [x64]
    os: [linux]
    requiresBuild: true
    dev: true
    optional: true

  /esbuild-linux-arm/0.14.53:
    resolution: {integrity: sha512-/u81NGAVZMopbmzd21Nu/wvnKQK3pT4CrvQ8BTje1STXcQAGnfyKgQlj3m0j2BzYbvQxSy+TMck4TNV2onvoPA==}
    engines: {node: '>=12'}
    cpu: [arm]
    os: [linux]
    requiresBuild: true
    dev: true
    optional: true

  /esbuild-linux-arm64/0.14.53:
    resolution: {integrity: sha512-GDmWITT+PMsjCA6/lByYk7NyFssW4Q6in32iPkpjZ/ytSyH+xeEx8q7HG3AhWH6heemEYEWpTll/eui3jwlSnw==}
    engines: {node: '>=12'}
    cpu: [arm64]
    os: [linux]
    requiresBuild: true
    dev: true
    optional: true

  /esbuild-linux-mips64le/0.14.53:
    resolution: {integrity: sha512-d6/XHIQW714gSSp6tOOX2UscedVobELvQlPMkInhx1NPz4ThZI9uNLQ4qQJHGBGKGfu+rtJsxM4NVHLhnNRdWQ==}
    engines: {node: '>=12'}
    cpu: [mips64el]
    os: [linux]
    requiresBuild: true
    dev: true
    optional: true

  /esbuild-linux-ppc64le/0.14.53:
    resolution: {integrity: sha512-ndnJmniKPCB52m+r6BtHHLAOXw+xBCWIxNnedbIpuREOcbSU/AlyM/2dA3BmUQhsHdb4w3amD5U2s91TJ3MzzA==}
    engines: {node: '>=12'}
    cpu: [ppc64]
    os: [linux]
    requiresBuild: true
    dev: true
    optional: true

  /esbuild-linux-riscv64/0.14.53:
    resolution: {integrity: sha512-yG2sVH+QSix6ct4lIzJj329iJF3MhloLE6/vKMQAAd26UVPVkhMFqFopY+9kCgYsdeWvXdPgmyOuKa48Y7+/EQ==}
    engines: {node: '>=12'}
    cpu: [riscv64]
    os: [linux]
    requiresBuild: true
    dev: true
    optional: true

  /esbuild-linux-s390x/0.14.53:
    resolution: {integrity: sha512-OCJlgdkB+XPYndHmw6uZT7jcYgzmx9K+28PVdOa/eLjdoYkeAFvH5hTwX4AXGLZLH09tpl4bVsEtvuyUldaNCg==}
    engines: {node: '>=12'}
    cpu: [s390x]
    os: [linux]
    requiresBuild: true
    dev: true
    optional: true

  /esbuild-netbsd-64/0.14.53:
    resolution: {integrity: sha512-gp2SB+Efc7MhMdWV2+pmIs/Ja/Mi5rjw+wlDmmbIn68VGXBleNgiEZG+eV2SRS0kJEUyHNedDtwRIMzaohWedQ==}
    engines: {node: '>=12'}
    cpu: [x64]
    os: [netbsd]
    requiresBuild: true
    dev: true
    optional: true

  /esbuild-openbsd-64/0.14.53:
    resolution: {integrity: sha512-eKQ30ZWe+WTZmteDYg8S+YjHV5s4iTxeSGhJKJajFfQx9TLZJvsJX0/paqwP51GicOUruFpSUAs2NCc0a4ivQQ==}
    engines: {node: '>=12'}
    cpu: [x64]
    os: [openbsd]
    requiresBuild: true
    dev: true
    optional: true

  /esbuild-sunos-64/0.14.53:
    resolution: {integrity: sha512-OWLpS7a2FrIRukQqcgQqR1XKn0jSJoOdT+RlhAxUoEQM/IpytS3FXzCJM6xjUYtpO5GMY0EdZJp+ur2pYdm39g==}
    engines: {node: '>=12'}
    cpu: [x64]
    os: [sunos]
    requiresBuild: true
    dev: true
    optional: true

  /esbuild-windows-32/0.14.53:
    resolution: {integrity: sha512-m14XyWQP5rwGW0tbEfp95U6A0wY0DYPInWBB7D69FAXUpBpBObRoGTKRv36lf2RWOdE4YO3TNvj37zhXjVL5xg==}
    engines: {node: '>=12'}
    cpu: [ia32]
    os: [win32]
    requiresBuild: true
    dev: true
    optional: true

  /esbuild-windows-64/0.14.53:
    resolution: {integrity: sha512-s9skQFF0I7zqnQ2K8S1xdLSfZFsPLuOGmSx57h2btSEswv0N0YodYvqLcJMrNMXh6EynOmWD7rz+0rWWbFpIHQ==}
    engines: {node: '>=12'}
    cpu: [x64]
    os: [win32]
    requiresBuild: true
    dev: true
    optional: true

  /esbuild-windows-arm64/0.14.53:
    resolution: {integrity: sha512-E+5Gvb+ZWts+00T9II6wp2L3KG2r3iGxByqd/a1RmLmYWVsSVUjkvIxZuJ3hYTIbhLkH5PRwpldGTKYqVz0nzQ==}
    engines: {node: '>=12'}
    cpu: [arm64]
    os: [win32]
    requiresBuild: true
    dev: true
    optional: true

  /esbuild/0.14.53:
    resolution: {integrity: sha512-ohO33pUBQ64q6mmheX1mZ8mIXj8ivQY/L4oVuAshr+aJI+zLl+amrp3EodrUNDNYVrKJXGPfIHFGhO8slGRjuw==}
    engines: {node: '>=12'}
    hasBin: true
    requiresBuild: true
    optionalDependencies:
      '@esbuild/linux-loong64': 0.14.53
      esbuild-android-64: 0.14.53
      esbuild-android-arm64: 0.14.53
      esbuild-darwin-64: 0.14.53
      esbuild-darwin-arm64: 0.14.53
      esbuild-freebsd-64: 0.14.53
      esbuild-freebsd-arm64: 0.14.53
      esbuild-linux-32: 0.14.53
      esbuild-linux-64: 0.14.53
      esbuild-linux-arm: 0.14.53
      esbuild-linux-arm64: 0.14.53
      esbuild-linux-mips64le: 0.14.53
      esbuild-linux-ppc64le: 0.14.53
      esbuild-linux-riscv64: 0.14.53
      esbuild-linux-s390x: 0.14.53
      esbuild-netbsd-64: 0.14.53
      esbuild-openbsd-64: 0.14.53
      esbuild-sunos-64: 0.14.53
      esbuild-windows-32: 0.14.53
      esbuild-windows-64: 0.14.53
      esbuild-windows-arm64: 0.14.53
    dev: true

  /estree-walker/2.0.2:
    resolution: {integrity: sha512-Rfkk/Mp/DL7JVje3u18FxFujQlTNR2q6QfMSMB7AvCBx91NGj/ba3kCfza0f6dVDbw7YlRf/nDrn7pQrCCyQ/w==}
    dev: true

  /fsevents/2.3.2:
    resolution: {integrity: sha512-xiqMQR4xAeHTuB9uWm+fFRcIOgKBMiOBP+eXiyT7jsgVCq1bkVygt00oASowB7EdtpOHaaPgKt812P9ab+DDKA==}
    engines: {node: ^8.16.0 || ^10.6.0 || >=11.0.0}
    os: [darwin]
    requiresBuild: true
    dev: true
    optional: true

  /function-bind/1.1.1:
    resolution: {integrity: sha512-yIovAzMX49sF8Yl58fSCWJ5svSLuaibPxXQJFLmBObTuCr0Mf1KiPopGM9NiFjiYBCbfaa2Fh6breQ6ANVTI0A==}
    dev: true

  /has/1.0.3:
    resolution: {integrity: sha512-f2dvO0VU6Oej7RkWJGrehjbzMAjFp5/VKPp5tTpWIV4JHHZK1/BxbFRtf/siA2SWTe09caDmVtYYzWEIbBS4zw==}
    engines: {node: '>= 0.4.0'}
    dependencies:
      function-bind: 1.1.1
    dev: true

  /is-core-module/2.9.0:
    resolution: {integrity: sha512-+5FPy5PnwmO3lvfMb0AsoPaBG+5KHUI0wYFXOtYPnVVVspTFUuMZNfNaNVRt3FZadstu2c8x23vykRW/NBoU6A==}
    dependencies:
      has: 1.0.3
    dev: true

  /jsonc-parser/3.1.0:
    resolution: {integrity: sha512-DRf0QjnNeCUds3xTjKlQQ3DpJD51GvDjJfnxUVWg6PZTo2otSm+slzNAxU/35hF8/oJIKoG9slq30JYOsF2azg==}
    dev: true

  /magic-string/0.25.9:
    resolution: {integrity: sha512-RmF0AsMzgt25qzqqLc1+MbHmhdx0ojF2Fvs4XnOqz2ZOBXzzkEwc/dJQZCYHAn7v1jbVOjAZfK8msRn4BxO4VQ==}
    dependencies:
      sourcemap-codec: 1.4.8
    dev: true

  /nanoid/3.3.4:
    resolution: {integrity: sha512-MqBkQh/OHTS2egovRtLk45wEyNXwF+cokD+1YPf9u5VfJiRdAiRwB2froX5Co9Rh20xs4siNPm8naNotSD6RBw==}
    engines: {node: ^10 || ^12 || ^13.7 || ^14 || >=15.0.1}
    hasBin: true
    dev: true

  /path-parse/1.0.7:
    resolution: {integrity: sha512-LDJzPVEEEPR+y48z93A0Ed0yXb8pAByGWo/k5YYdYgpY2/2EsOsksJrq7lOHxryrVOn1ejG6oAp8ahvOIQD8sw==}
    dev: true

  /picocolors/1.0.0:
    resolution: {integrity: sha512-1fygroTLlHu66zi26VoTDv8yRgm0Fccecssto+MhsZ0D/DGW2sm8E8AjW7NU5VVTRt5GxbeZ5qBuJr+HyLYkjQ==}
    dev: true

  /postcss/8.4.14:
    resolution: {integrity: sha512-E398TUmfAYFPBSdzgeieK2Y1+1cpdxJx8yXbK/m57nRhKSmk1GB2tO4lbLBtlkfPQTDKfe4Xqv1ASWPpayPEig==}
    engines: {node: ^10 || ^12 || >=14}
    dependencies:
      nanoid: 3.3.4
      picocolors: 1.0.0
      source-map-js: 1.0.2
    dev: true

  /preact/10.10.0:
    resolution: {integrity: sha512-fszkg1iJJjq68I4lI8ZsmBiaoQiQHbxf1lNq+72EmC/mZOsFF5zn3k1yv9QGoFgIXzgsdSKtYymLJsrJPoamjQ==}
    dev: true

  /resolve/1.22.1:
    resolution: {integrity: sha512-nBpuuYuY5jFsli/JIs1oldw6fOQCBioohqWZg/2hiaOybXOft4lonv85uDOKXdf8rhyK159cxU5cDcK/NKk8zw==}
    hasBin: true
    dependencies:
      is-core-module: 2.9.0
      path-parse: 1.0.7
      supports-preserve-symlinks-flag: 1.0.0
    dev: true

  /rollup/2.77.2:
    resolution: {integrity: sha512-m/4YzYgLcpMQbxX3NmAqDvwLATZzxt8bIegO78FZLl+lAgKJBd1DRAOeEiZcKOIOPjxE6ewHWHNgGEalFXuz1g==}
    engines: {node: '>=10.0.0'}
    hasBin: true
    optionalDependencies:
      fsevents: 2.3.2
    dev: true

  /shiki/0.10.1:
    resolution: {integrity: sha512-VsY7QJVzU51j5o1+DguUd+6vmCmZ5v/6gYu4vyYAhzjuNQU6P/vmSy4uQaOhvje031qQMiW0d2BwgMH52vqMng==}
    dependencies:
      jsonc-parser: 3.1.0
      vscode-oniguruma: 1.6.2
      vscode-textmate: 5.2.0
    dev: true

  /source-map-js/1.0.2:
    resolution: {integrity: sha512-R0XvVJ9WusLiqTCEiGCmICCMplcCkIwwR11mOSD9CR5u+IXYdiseeEuXCVAjS54zqwkLcPNnmU4OeJ6tUrWhDw==}
    engines: {node: '>=0.10.0'}
    dev: true

  /source-map/0.6.1:
    resolution: {integrity: sha512-UjgapumWlbMhkBgzT7Ykc5YXUT46F0iKu8SGXq0bcwP5dz/h0Plj6enJqjz1Zbq2l5WaqYnrVbwWOWMyF3F47g==}
    engines: {node: '>=0.10.0'}
    dev: true

  /sourcemap-codec/1.4.8:
    resolution: {integrity: sha512-9NykojV5Uih4lgo5So5dtw+f0JgJX30KCNI8gwhz2J9A15wD0Ml6tjHKwf6fTSa6fAdVBdZeNOs9eJ71qCk8vA==}
    dev: true

  /supports-preserve-symlinks-flag/1.0.0:
    resolution: {integrity: sha512-ot0WnXS9fgdkgIcePe6RHNk1WA8+muPa6cSjeR3V8K27q9BB1rTE3R1p7Hv0z1ZyAc8s6Vvv8DIyWf681MAt0w==}
    engines: {node: '>= 0.4'}
    dev: true

  /to-fast-properties/2.0.0:
    resolution: {integrity: sha512-/OaKK0xYrs3DmxRYqL/yDc+FxFUVYhDlXMhRmv3z915w2HF1tnN1omB354j8VUGO/hbRzyD6Y3sA7v7GS/ceog==}
    engines: {node: '>=4'}
    dev: true

  /toml/3.0.0:
    resolution: {integrity: sha512-y/mWCZinnvxjTKYhJ+pYxwD0mRLVvOtdS2Awbgxln6iEnt4rk0yBxeSBHkGJcPucRiG0e55mwWp+g/05rsrd6w==}
    dev: true

  /vite/2.9.14:
    resolution: {integrity: sha512-P/UCjSpSMcE54r4mPak55hWAZPlyfS369svib/gpmz8/01L822lMPOJ/RYW6tLCe1RPvMvOsJ17erf55bKp4Hw==}
    engines: {node: '>=12.2.0'}
    hasBin: true
    peerDependencies:
      less: '*'
      sass: '*'
      stylus: '*'
    peerDependenciesMeta:
      less:
        optional: true
      sass:
        optional: true
      stylus:
        optional: true
    dependencies:
      esbuild: 0.14.53
      postcss: 8.4.14
      resolve: 1.22.1
      rollup: 2.77.2
    optionalDependencies:
      fsevents: 2.3.2
    dev: true

  /vitepress/1.0.0-alpha.4:
    resolution: {integrity: sha512-bOAA4KW6vYGlkbcrPLZLTKWTgXVroObU+o9xj9EENyEl6yg26WWvfN7DGA4BftjdM5O8nR93Z5khPQ3W/tFE7Q==}
    engines: {node: '>=14.6.0'}
    hasBin: true
    dependencies:
      '@docsearch/css': 3.2.0
      '@docsearch/js': 3.2.0
      '@vitejs/plugin-vue': 2.3.3_vite@2.9.14+vue@3.2.37
      '@vue/devtools-api': 6.2.1
      '@vueuse/core': 8.9.4_vue@3.2.37
      body-scroll-lock: 4.0.0-beta.0
      shiki: 0.10.1
      vite: 2.9.14
      vue: 3.2.37
    transitivePeerDependencies:
      - '@algolia/client-search'
      - '@types/react'
      - '@vue/composition-api'
      - less
      - react
      - react-dom
      - sass
      - stylus
    dev: true

  /vscode-oniguruma/1.6.2:
    resolution: {integrity: sha512-KH8+KKov5eS/9WhofZR8M8dMHWN2gTxjMsG4jd04YhpbPR91fUj7rYQ2/XjeHCJWbg7X++ApRIU9NUwM2vTvLA==}
    dev: true

  /vscode-textmate/5.2.0:
    resolution: {integrity: sha512-Uw5ooOQxRASHgu6C7GVvUxisKXfSgW4oFlO+aa+PAkgmH89O3CXxEEzNRNtHSqtXFTl0nAC1uYj0GMSH27uwtQ==}
    dev: true

  /vue-demi/0.13.6_vue@3.2.37:
    resolution: {integrity: sha512-02NYpxgyGE2kKGegRPYlNQSL1UWfA/+JqvzhGCOYjhfbLWXU5QQX0+9pAm/R2sCOPKr5NBxVIab7fvFU0B1RxQ==}
    engines: {node: '>=12'}
    hasBin: true
    requiresBuild: true
    peerDependencies:
      '@vue/composition-api': ^1.0.0-rc.1
      vue: ^3.0.0-0 || ^2.6.0
    peerDependenciesMeta:
      '@vue/composition-api':
        optional: true
    dependencies:
      vue: 3.2.37
    dev: true

  /vue/3.2.37:
    resolution: {integrity: sha512-bOKEZxrm8Eh+fveCqS1/NkG/n6aMidsI6hahas7pa0w/l7jkbssJVsRhVDs07IdDq7h9KHswZOgItnwJAgtVtQ==}
    dependencies:
      '@vue/compiler-dom': 3.2.37
      '@vue/compiler-sfc': 3.2.37
      '@vue/runtime-dom': 3.2.37
      '@vue/server-renderer': 3.2.37_vue@3.2.37
      '@vue/shared': 3.2.37
    dev: true
