lockfileVersion: '9.0'

settings:
  autoInstallPeers: true
  excludeLinksFromLockfile: false

importers:

  .:
    devDependencies:
      toml:
        specifier: ^3.0.0
        version: 3.0.0
      vitepress:
        specifier: 1.0.0-rc.14
        version: 1.0.0-rc.14(@algolia/client-search@5.23.0)(search-insights@2.17.3)
      vue:
        specifier: ^3.3.4
        version: 3.5.13

packages:

  '@algolia/autocomplete-core@1.17.9':
    resolution: {integrity: sha512-O7BxrpLDPJWWHv/DLA9DRFWs+iY1uOJZkqUwjS5HSZAGcl0hIVCQ97LTLewiZmZ402JYUrun+8NqFP+hCknlbQ==}

  '@algolia/autocomplete-plugin-algolia-insights@1.17.9':
    resolution: {integrity: sha512-u1fEHkCbWF92DBeB/KHeMacsjsoI0wFhjZtlCq2ddZbAehshbZST6Hs0Avkc0s+4UyBGbMDnSuXHLuvRWK5iDQ==}
    peerDependencies:
      search-insights: '>= 1 < 3'

  '@algolia/autocomplete-preset-algolia@1.17.9':
    resolution: {integrity: sha512-Na1OuceSJeg8j7ZWn5ssMu/Ax3amtOwk76u4h5J4eK2Nx2KB5qt0Z4cOapCsxot9VcEN11ADV5aUSlQF4RhGjQ==}
    peerDependencies:
      '@algolia/client-search': '>= 4.9.1 < 6'
      algoliasearch: '>= 4.9.1 < 6'

  '@algolia/autocomplete-shared@1.17.9':
    resolution: {integrity: sha512-iDf05JDQ7I0b7JEA/9IektxN/80a2MZ1ToohfmNS3rfeuQnIKI3IJlIafD0xu4StbtQTghx9T3Maa97ytkXenQ==}
    peerDependencies:
      '@algolia/client-search': '>= 4.9.1 < 6'
      algoliasearch: '>= 4.9.1 < 6'

  '@algolia/client-abtesting@5.23.0':
    resolution: {integrity: sha512-AyZ+9CUgWXwaaJ2lSwOJSy+/w0MFBPFqLrjWYs/HEpYMzBuFfGNZ7gEM9a7h4j7jY8hSBARBl8qdvInmj5vOEQ==}
    engines: {node: '>= 14.0.0'}

  '@algolia/client-analytics@5.23.0':
    resolution: {integrity: sha512-oeKCPwLBnTEPF/RWr0aaJnrfRDfFRLT5O7KV0OF1NmpEXvmzLmN7RwnwDKsNtPUHNfpJ6esP9xzkPEtJabrZ2w==}
    engines: {node: '>= 14.0.0'}

  '@algolia/client-common@5.23.0':
    resolution: {integrity: sha512-9jacdC44vXLSaYKNLkFpbU1J4BbBPi/N7uoPhcGO//8ubRuVzigH6+RfK5FbudmQlqFt0J5DGUCVeTlHtgyUeg==}
    engines: {node: '>= 14.0.0'}

  '@algolia/client-insights@5.23.0':
    resolution: {integrity: sha512-/Gw5UitweRsnyb24Td4XhjXmsx8PxFzCI0oW6FZZvyr4kjzB9ECP2IjO+PdDq1A2fzDl/LXQ+u8ROudoVnXnQg==}
    engines: {node: '>= 14.0.0'}

  '@algolia/client-personalization@5.23.0':
    resolution: {integrity: sha512-ivrEZBoXfDatpqpifgHauydxHEe4udNqJ0gy7adR2KODeQ+39MQeaT10I24mu+eylIuiQKJRqORgEdLZycq2qQ==}
    engines: {node: '>= 14.0.0'}

  '@algolia/client-query-suggestions@5.23.0':
    resolution: {integrity: sha512-DjSgJWqTcsnlXEKqDsU7Y2vB/W/VYLlr6UfkzJkMuKB554Ia7IJr4keP2AlHVjjbBG62IDpdh5OkEs/+fbWsOA==}
    engines: {node: '>= 14.0.0'}

  '@algolia/client-search@5.23.0':
    resolution: {integrity: sha512-XAYWUYUhEG4OIdo/N7H/OFFRD9fokfv3bBTky+4Y4/q07bxhnrGSUvcrU6JQ2jJTQyg6kv0ke1EIfiTO/Xxb+g==}
    engines: {node: '>= 14.0.0'}

  '@algolia/ingestion@1.23.0':
    resolution: {integrity: sha512-ULbykzzhhLVofCDU1m/CqSzTyKmjaxA/z1d6o6hgUuR6X7/dll9/G0lu0e4vmWIOItklWWrhU2V8sXD0YGBIHg==}
    engines: {node: '>= 14.0.0'}

  '@algolia/monitoring@1.23.0':
    resolution: {integrity: sha512-oB3wG7CgQJQr+uoijV7bWBphiSHkvGX43At8RGgkDyc7Aeabcp9ik5HgLC1YDgbHVOlQI+tce5HIbDCifzQCIg==}
    engines: {node: '>= 14.0.0'}

  '@algolia/recommend@5.23.0':
    resolution: {integrity: sha512-4PWvCV6VGhnCMAbv2zfQUAlc3ofMs6ovqKlC/xcp7tWaucYd//piHg9CcCM4S0p9OZznEGQMRYPt2uqbk6V9vg==}
    engines: {node: '>= 14.0.0'}

  '@algolia/requester-browser-xhr@5.23.0':
    resolution: {integrity: sha512-bacOsX41pnsupNB0k0Ny+1JDchQxIsZIcp69GKDBT0NgTHG8OayEO141eFalNmGil+GXPY0NUPRpx+5s4RdhGA==}
    engines: {node: '>= 14.0.0'}

  '@algolia/requester-fetch@5.23.0':
    resolution: {integrity: sha512-tVNFREexJWDrvc23evmRgAcb2KLZuVilOIB/rVnQCl0GDbqIWJuQ1lG22HKqvCEQFthHkgVFGLYE74wQ96768g==}
    engines: {node: '>= 14.0.0'}

  '@algolia/requester-node-http@5.23.0':
    resolution: {integrity: sha512-XXHbq2heOZc9EFCc4z+uyHS9YRBygZbYQVsWjWZWx8hdAz+tkBX/jLHM9Xg+3zO0/v8JN6pcZzqYEVsdrLeNLg==}
    engines: {node: '>= 14.0.0'}

  '@babel/helper-string-parser@7.25.9':
    resolution: {integrity: sha512-4A/SCr/2KLd5jrtOMFzaKjVtAei3+2r/NChoBNoZ3EyP/+GlhoaEGoWOZUmFmoITP7zOJyHIMm+DYRd8o3PvHA==}
    engines: {node: '>=6.9.0'}

  '@babel/helper-validator-identifier@7.25.9':
    resolution: {integrity: sha512-Ed61U6XJc3CVRfkERJWDz4dJwKe7iLmmJsbOGu9wSloNSFttHV0I8g6UAgb7qnK5ly5bGLPd4oXZlxCdANBOWQ==}
    engines: {node: '>=6.9.0'}

  '@babel/parser@7.27.0':
    resolution: {integrity: sha512-iaepho73/2Pz7w2eMS0Q5f83+0RKI7i4xmiYeBmDzfRVbQtTOG7Ts0S4HzJVsTMGI9keU8rNfuZr8DKfSt7Yyg==}
    engines: {node: '>=6.0.0'}
    hasBin: true

  '@babel/types@7.27.0':
    resolution: {integrity: sha512-H45s8fVLYjbhFH62dIJ3WtmJ6RSPt/3DRO0ZcT2SUiYiQyz3BLVb9ADEnLl91m74aQPS3AzzeajZHYOalWe3bg==}
    engines: {node: '>=6.9.0'}

  '@docsearch/css@3.9.0':
    resolution: {integrity: sha512-cQbnVbq0rrBwNAKegIac/t6a8nWoUAn8frnkLFW6YARaRmAQr5/Eoe6Ln2fqkUCZ40KpdrKbpSAmgrkviOxuWA==}

  '@docsearch/js@3.9.0':
    resolution: {integrity: sha512-4bKHcye6EkLgRE8ze0vcdshmEqxeiJM77M0JXjef7lrYZfSlMunrDOCqyLjiZyo1+c0BhUqA2QpFartIjuHIjw==}

  '@docsearch/react@3.9.0':
    resolution: {integrity: sha512-mb5FOZYZIkRQ6s/NWnM98k879vu5pscWqTLubLFBO87igYYT4VzVazh4h5o/zCvTIZgEt3PvsCOMOswOUo9yHQ==}
    peerDependencies:
      '@types/react': '>= 16.8.0 < 20.0.0'
      react: '>= 16.8.0 < 20.0.0'
      react-dom: '>= 16.8.0 < 20.0.0'
      search-insights: '>= 1 < 3'
    peerDependenciesMeta:
      '@types/react':
        optional: true
      react:
        optional: true
      react-dom:
        optional: true
      search-insights:
        optional: true

  '@esbuild/android-arm64@0.18.20':
    resolution: {integrity: sha512-Nz4rJcchGDtENV0eMKUNa6L12zz2zBDXuhj/Vjh18zGqB44Bi7MBMSXjgunJgjRhCmKOjnPuZp4Mb6OKqtMHLQ==}
    engines: {node: '>=12'}
    cpu: [arm64]
    os: [android]

  '@esbuild/android-arm@0.18.20':
    resolution: {integrity: sha512-fyi7TDI/ijKKNZTUJAQqiG5T7YjJXgnzkURqmGj13C6dCqckZBLdl4h7bkhHt/t0WP+zO9/zwroDvANaOqO5Sw==}
    engines: {node: '>=12'}
    cpu: [arm]
    os: [android]

  '@esbuild/android-x64@0.18.20':
    resolution: {integrity: sha512-8GDdlePJA8D6zlZYJV/jnrRAi6rOiNaCC/JclcXpB+KIuvfBN4owLtgzY2bsxnx666XjJx2kDPUmnTtR8qKQUg==}
    engines: {node: '>=12'}
    cpu: [x64]
    os: [android]

  '@esbuild/darwin-arm64@0.18.20':
    resolution: {integrity: sha512-bxRHW5kHU38zS2lPTPOyuyTm+S+eobPUnTNkdJEfAddYgEcll4xkT8DB9d2008DtTbl7uJag2HuE5NZAZgnNEA==}
    engines: {node: '>=12'}
    cpu: [arm64]
    os: [darwin]

  '@esbuild/darwin-x64@0.18.20':
    resolution: {integrity: sha512-pc5gxlMDxzm513qPGbCbDukOdsGtKhfxD1zJKXjCCcU7ju50O7MeAZ8c4krSJcOIJGFR+qx21yMMVYwiQvyTyQ==}
    engines: {node: '>=12'}
    cpu: [x64]
    os: [darwin]

  '@esbuild/freebsd-arm64@0.18.20':
    resolution: {integrity: sha512-yqDQHy4QHevpMAaxhhIwYPMv1NECwOvIpGCZkECn8w2WFHXjEwrBn3CeNIYsibZ/iZEUemj++M26W3cNR5h+Tw==}
    engines: {node: '>=12'}
    cpu: [arm64]
    os: [freebsd]

  '@esbuild/freebsd-x64@0.18.20':
    resolution: {integrity: sha512-tgWRPPuQsd3RmBZwarGVHZQvtzfEBOreNuxEMKFcd5DaDn2PbBxfwLcj4+aenoh7ctXcbXmOQIn8HI6mCSw5MQ==}
    engines: {node: '>=12'}
    cpu: [x64]
    os: [freebsd]

  '@esbuild/linux-arm64@0.18.20':
    resolution: {integrity: sha512-2YbscF+UL7SQAVIpnWvYwM+3LskyDmPhe31pE7/aoTMFKKzIc9lLbyGUpmmb8a8AixOL61sQ/mFh3jEjHYFvdA==}
    engines: {node: '>=12'}
    cpu: [arm64]
    os: [linux]

  '@esbuild/linux-arm@0.18.20':
    resolution: {integrity: sha512-/5bHkMWnq1EgKr1V+Ybz3s1hWXok7mDFUMQ4cG10AfW3wL02PSZi5kFpYKrptDsgb2WAJIvRcDm+qIvXf/apvg==}
    engines: {node: '>=12'}
    cpu: [arm]
    os: [linux]

  '@esbuild/linux-ia32@0.18.20':
    resolution: {integrity: sha512-P4etWwq6IsReT0E1KHU40bOnzMHoH73aXp96Fs8TIT6z9Hu8G6+0SHSw9i2isWrD2nbx2qo5yUqACgdfVGx7TA==}
    engines: {node: '>=12'}
    cpu: [ia32]
    os: [linux]

  '@esbuild/linux-loong64@0.18.20':
    resolution: {integrity: sha512-nXW8nqBTrOpDLPgPY9uV+/1DjxoQ7DoB2N8eocyq8I9XuqJ7BiAMDMf9n1xZM9TgW0J8zrquIb/A7s3BJv7rjg==}
    engines: {node: '>=12'}
    cpu: [loong64]
    os: [linux]

  '@esbuild/linux-mips64el@0.18.20':
    resolution: {integrity: sha512-d5NeaXZcHp8PzYy5VnXV3VSd2D328Zb+9dEq5HE6bw6+N86JVPExrA6O68OPwobntbNJ0pzCpUFZTo3w0GyetQ==}
    engines: {node: '>=12'}
    cpu: [mips64el]
    os: [linux]

  '@esbuild/linux-ppc64@0.18.20':
    resolution: {integrity: sha512-WHPyeScRNcmANnLQkq6AfyXRFr5D6N2sKgkFo2FqguP44Nw2eyDlbTdZwd9GYk98DZG9QItIiTlFLHJHjxP3FA==}
    engines: {node: '>=12'}
    cpu: [ppc64]
    os: [linux]

  '@esbuild/linux-riscv64@0.18.20':
    resolution: {integrity: sha512-WSxo6h5ecI5XH34KC7w5veNnKkju3zBRLEQNY7mv5mtBmrP/MjNBCAlsM2u5hDBlS3NGcTQpoBvRzqBcRtpq1A==}
    engines: {node: '>=12'}
    cpu: [riscv64]
    os: [linux]

  '@esbuild/linux-s390x@0.18.20':
    resolution: {integrity: sha512-+8231GMs3mAEth6Ja1iK0a1sQ3ohfcpzpRLH8uuc5/KVDFneH6jtAJLFGafpzpMRO6DzJ6AvXKze9LfFMrIHVQ==}
    engines: {node: '>=12'}
    cpu: [s390x]
    os: [linux]

  '@esbuild/linux-x64@0.18.20':
    resolution: {integrity: sha512-UYqiqemphJcNsFEskc73jQ7B9jgwjWrSayxawS6UVFZGWrAAtkzjxSqnoclCXxWtfwLdzU+vTpcNYhpn43uP1w==}
    engines: {node: '>=12'}
    cpu: [x64]
    os: [linux]

  '@esbuild/netbsd-x64@0.18.20':
    resolution: {integrity: sha512-iO1c++VP6xUBUmltHZoMtCUdPlnPGdBom6IrO4gyKPFFVBKioIImVooR5I83nTew5UOYrk3gIJhbZh8X44y06A==}
    engines: {node: '>=12'}
    cpu: [x64]
    os: [netbsd]

  '@esbuild/openbsd-x64@0.18.20':
    resolution: {integrity: sha512-e5e4YSsuQfX4cxcygw/UCPIEP6wbIL+se3sxPdCiMbFLBWu0eiZOJ7WoD+ptCLrmjZBK1Wk7I6D/I3NglUGOxg==}
    engines: {node: '>=12'}
    cpu: [x64]
    os: [openbsd]

  '@esbuild/sunos-x64@0.18.20':
    resolution: {integrity: sha512-kDbFRFp0YpTQVVrqUd5FTYmWo45zGaXe0X8E1G/LKFC0v8x0vWrhOWSLITcCn63lmZIxfOMXtCfti/RxN/0wnQ==}
    engines: {node: '>=12'}
    cpu: [x64]
    os: [sunos]

  '@esbuild/win32-arm64@0.18.20':
    resolution: {integrity: sha512-ddYFR6ItYgoaq4v4JmQQaAI5s7npztfV4Ag6NrhiaW0RrnOXqBkgwZLofVTlq1daVTQNhtI5oieTvkRPfZrePg==}
    engines: {node: '>=12'}
    cpu: [arm64]
    os: [win32]

  '@esbuild/win32-ia32@0.18.20':
    resolution: {integrity: sha512-Wv7QBi3ID/rROT08SABTS7eV4hX26sVduqDOTe1MvGMjNd3EjOz4b7zeexIR62GTIEKrfJXKL9LFxTYgkyeu7g==}
    engines: {node: '>=12'}
    cpu: [ia32]
    os: [win32]

  '@esbuild/win32-x64@0.18.20':
    resolution: {integrity: sha512-kTdfRcSiDfQca/y9QIkng02avJ+NCaQvrMejlsB3RRv5sE9rRoeBPISaZpKxHELzRxZyLvNts1P27W3wV+8geQ==}
    engines: {node: '>=12'}
    cpu: [x64]
    os: [win32]

  '@jridgewell/sourcemap-codec@1.5.0':
    resolution: {integrity: sha512-gv3ZRaISU3fjPAgNsriBRqGWQL6quFx04YMPW/zD8XMLsU32mhCCbfbO6KZFLjvYpCZ8zyDEgqsgf+PwPaM7GQ==}

  '@types/web-bluetooth@0.0.20':
    resolution: {integrity: sha512-g9gZnnXVq7gM7v3tJCWV/qw7w+KeOlSHAhgF9RytFyifW6AF61hdT2ucrYhPq9hLs5JIryeupHV3qGk95dH9ow==}

  '@vue/compiler-core@3.5.13':
    resolution: {integrity: sha512-oOdAkwqUfW1WqpwSYJce06wvt6HljgY3fGeM9NcVA1HaYOij3mZG9Rkysn0OHuyUAGMbEbARIpsG+LPVlBJ5/Q==}

  '@vue/compiler-dom@3.5.13':
    resolution: {integrity: sha512-ZOJ46sMOKUjO3e94wPdCzQ6P1Lx/vhp2RSvfaab88Ajexs0AHeV0uasYhi99WPaogmBlRHNRuly8xV75cNTMDA==}

  '@vue/compiler-sfc@3.5.13':
    resolution: {integrity: sha512-6VdaljMpD82w6c2749Zhf5T9u5uLBWKnVue6XWxprDobftnletJ8+oel7sexFfM3qIxNmVE7LSFGTpv6obNyaQ==}

  '@vue/compiler-ssr@3.5.13':
    resolution: {integrity: sha512-wMH6vrYHxQl/IybKJagqbquvxpWCuVYpoUJfCqFZwa/JY1GdATAQ+TgVtgrwwMZ0D07QhA99rs/EAAWfvG6KpA==}

  '@vue/devtools-api@6.6.4':
    resolution: {integrity: sha512-sGhTPMuXqZ1rVOk32RylztWkfXTRhuS7vgAKv0zjqk8gbsHkJ7xfFf+jbySxt7tWObEJwyKaHMikV/WGDiQm8g==}

  '@vue/reactivity@3.5.13':
    resolution: {integrity: sha512-NaCwtw8o48B9I6L1zl2p41OHo/2Z4wqYGGIK1Khu5T7yxrn+ATOixn/Udn2m+6kZKB/J7cuT9DbWWhRxqixACg==}

  '@vue/runtime-core@3.5.13':
    resolution: {integrity: sha512-Fj4YRQ3Az0WTZw1sFe+QDb0aXCerigEpw418pw1HBUKFtnQHWzwojaukAs2X/c9DQz4MQ4bsXTGlcpGxU/RCIw==}

  '@vue/runtime-dom@3.5.13':
    resolution: {integrity: sha512-dLaj94s93NYLqjLiyFzVs9X6dWhTdAlEAciC3Moq7gzAc13VJUdCnjjRurNM6uTLFATRHexHCTu/Xp3eW6yoog==}

  '@vue/server-renderer@3.5.13':
    resolution: {integrity: sha512-wAi4IRJV/2SAW3htkTlB+dHeRmpTiVIK1OGLWV1yeStVSebSQQOwGwIq0D3ZIoBj2C2qpgz5+vX9iEBkTdk5YA==}
    peerDependencies:
      vue: 3.5.13

  '@vue/shared@3.5.13':
    resolution: {integrity: sha512-/hnE/qP5ZoGpol0a5mDi45bOd7t3tjYJBjsgCsivow7D48cJeV5l05RD82lPqi7gRiphZM37rnhW1l6ZoCNNnQ==}

  '@vueuse/core@10.11.1':
    resolution: {integrity: sha512-guoy26JQktXPcz+0n3GukWIy/JDNKti9v6VEMu6kV2sYBsWuGiTU8OWdg+ADfUbHg3/3DlqySDe7JmdHrktiww==}

  '@vueuse/integrations@10.11.1':
    resolution: {integrity: sha512-Y5hCGBguN+vuVYTZmdd/IMXLOdfS60zAmDmFYc4BKBcMUPZH1n4tdyDECCPjXm0bNT3ZRUy1xzTLGaUje8Xyaw==}
    peerDependencies:
      async-validator: ^4
      axios: ^1
      change-case: ^4
      drauu: ^0.3
      focus-trap: ^7
      fuse.js: ^6
      idb-keyval: ^6
      jwt-decode: ^3
      nprogress: ^0.2
      qrcode: ^1.5
      sortablejs: ^1
      universal-cookie: ^6
    peerDependenciesMeta:
      async-validator:
        optional: true
      axios:
        optional: true
      change-case:
        optional: true
      drauu:
        optional: true
      focus-trap:
        optional: true
      fuse.js:
        optional: true
      idb-keyval:
        optional: true
      jwt-decode:
        optional: true
      nprogress:
        optional: true
      qrcode:
        optional: true
      sortablejs:
        optional: true
      universal-cookie:
        optional: true

  '@vueuse/metadata@10.11.1':
    resolution: {integrity: sha512-IGa5FXd003Ug1qAZmyE8wF3sJ81xGLSqTqtQ6jaVfkeZ4i5kS2mwQF61yhVqojRnenVew5PldLyRgvdl4YYuSw==}

  '@vueuse/shared@10.11.1':
    resolution: {integrity: sha512-LHpC8711VFZlDaYUXEBbFBCQ7GS3dVU9mjOhhMhXP6txTV4EhYQg/KGnQuvt/sPAtoUKq7VVUnL6mVtFoL42sA==}

  algoliasearch@5.23.0:
    resolution: {integrity: sha512-7TCj+hLx6fZKppLL74lYGDEltSBNSu4vqRwgqeIKZ3VQ0q3aOrdEN0f1sDWcvU1b+psn2wnl7aHt9hWtYatUUA==}
    engines: {node: '>= 14.0.0'}

  ansi-sequence-parser@1.1.3:
    resolution: {integrity: sha512-+fksAx9eG3Ab6LDnLs3ZqZa8KVJ/jYnX+D4Qe1azX+LFGFAXqynCQLOdLpNYN/l9e7l6hMWwZbrnctqr6eSQSw==}

  csstype@3.1.3:
    resolution: {integrity: sha512-M1uQkMl8rQK/szD0LNhtqxIPLpimGm8sOBwU7lLnCpSbTyY3yeU1Vc7l4KT5zT4s/yOxHH5O7tIuuLOCnLADRw==}

  entities@4.5.0:
    resolution: {integrity: sha512-V0hjH4dGPh9Ao5p0MoRY6BVqtwCjhz6vI5LT8AJ55H+4g9/4vbHx1I54fS0XuclLhDHArPQCiMjDxjaL8fPxhw==}
    engines: {node: '>=0.12'}

  esbuild@0.18.20:
    resolution: {integrity: sha512-ceqxoedUrcayh7Y7ZX6NdbbDzGROiyVBgC4PriJThBKSVPWnnFHZAkfI1lJT8QFkOwH4qOS2SJkS4wvpGl8BpA==}
    engines: {node: '>=12'}
    hasBin: true

  estree-walker@2.0.2:
    resolution: {integrity: sha512-Rfkk/Mp/DL7JVje3u18FxFujQlTNR2q6QfMSMB7AvCBx91NGj/ba3kCfza0f6dVDbw7YlRf/nDrn7pQrCCyQ/w==}

  focus-trap@7.6.4:
    resolution: {integrity: sha512-xx560wGBk7seZ6y933idtjJQc1l+ck+pI3sKvhKozdBV1dRZoKhkW5xoCaFv9tQiX5RH1xfSxjuNu6g+lmN/gw==}

  fsevents@2.3.3:
    resolution: {integrity: sha512-5xoDfX+fL7faATnagmWPpbFtwh/R77WmMMqqHGS65C3vvB0YHrgF+B1YmZ3441tMj5n63k0212XNoJwzlhffQw==}
    engines: {node: ^8.16.0 || ^10.6.0 || >=11.0.0}
    os: [darwin]

  jsonc-parser@3.3.1:
    resolution: {integrity: sha512-HUgH65KyejrUFPvHFPbqOY0rsFip3Bo5wb4ngvdi1EpCYWUQDC5V+Y7mZws+DLkr4M//zQJoanu1SP+87Dv1oQ==}

  magic-string@0.30.17:
    resolution: {integrity: sha512-sNPKHvyjVf7gyjwS4xGTaW/mCnF8wnjtifKBEhxfZ7E/S8tQ0rssrwGNn6q8JH/ohItJfSQp9mBtQYuTlH5QnA==}

  mark.js@8.11.1:
    resolution: {integrity: sha512-1I+1qpDt4idfgLQG+BNWmrqku+7/2bi5nLf4YwF8y8zXvmfiTBY3PV3ZibfrjBueCByROpuBjLLFCajqkgYoLQ==}

  minisearch@6.3.0:
    resolution: {integrity: sha512-ihFnidEeU8iXzcVHy74dhkxh/dn8Dc08ERl0xwoMMGqp4+LvRSCgicb+zGqWthVokQKvCSxITlh3P08OzdTYCQ==}

  nanoid@3.3.11:
    resolution: {integrity: sha512-N8SpfPUnUp1bK+PMYW8qSWdl9U+wwNWI4QKxOYDy9JAro3WMX7p2OeVRF9v+347pnakNevPmiHhNmZ2HbFA76w==}
    engines: {node: ^10 || ^12 || ^13.7 || ^14 || >=15.0.1}
    hasBin: true

  picocolors@1.1.1:
    resolution: {integrity: sha512-xceH2snhtb5M9liqDsmEw56le376mTZkEX/jEb/RxNFyegNul7eNslCXP9FDj/Lcu0X8KEyMceP2ntpaHrDEVA==}

  postcss@8.5.3:
    resolution: {integrity: sha512-dle9A3yYxlBSrt8Fu+IpjGT8SY8hN0mlaA6GY8t0P5PjIOZemULz/E2Bnm/2dcUOena75OTNkHI76uZBNUUq3A==}
    engines: {node: ^10 || ^12 || >=14}

  preact@10.26.4:
    resolution: {integrity: sha512-KJhO7LBFTjP71d83trW+Ilnjbo+ySsaAgCfXOXUlmGzJ4ygYPWmysm77yg4emwfmoz3b22yvH5IsVFHbhUaH5w==}

  rollup@3.29.5:
    resolution: {integrity: sha512-GVsDdsbJzzy4S/v3dqWPJ7EfvZJfCHiDqe80IyrF59LYuP+e6U1LJoUqeuqRbwAWoMNoXivMNeNAOf5E22VA1w==}
    engines: {node: '>=14.18.0', npm: '>=8.0.0'}
    hasBin: true

  search-insights@2.17.3:
    resolution: {integrity: sha512-RQPdCYTa8A68uM2jwxoY842xDhvx3E5LFL1LxvxCNMev4o5mLuokczhzjAgGwUZBAmOKZknArSxLKmXtIi2AxQ==}

  shiki@0.14.7:
    resolution: {integrity: sha512-dNPAPrxSc87ua2sKJ3H5dQ/6ZaY8RNnaAqK+t0eG7p0Soi2ydiqbGOTaZCqaYvA/uZYfS1LJnemt3Q+mSfcPCg==}

  source-map-js@1.2.1:
    resolution: {integrity: sha512-UXWMKhLOwVKb728IUtQPXxfYU+usdybtUrK/8uGE8CQMvrhOpwvzDBwj0QhSL7MQc7vIsISBG8VQ8+IDQxpfQA==}
    engines: {node: '>=0.10.0'}

  tabbable@6.2.0:
    resolution: {integrity: sha512-Cat63mxsVJlzYvN51JmVXIgNoUokrIaT2zLclCXjRd8boZ0004U4KCs/sToJ75C6sdlByWxpYnb5Boif1VSFew==}

  toml@3.0.0:
    resolution: {integrity: sha512-y/mWCZinnvxjTKYhJ+pYxwD0mRLVvOtdS2Awbgxln6iEnt4rk0yBxeSBHkGJcPucRiG0e55mwWp+g/05rsrd6w==}

  vite@4.5.10:
    resolution: {integrity: sha512-f2ueoukYTMI/5kMMT7wW+ol3zL6z6PjN28zYrGKAjnbzXhRXWXPThD3uN6muCp+TbfXaDgGvRuPsg6mwVLaWwQ==}
    engines: {node: ^14.18.0 || >=16.0.0}
    hasBin: true
    peerDependencies:
      '@types/node': '>= 14'
      less: '*'
      lightningcss: ^1.21.0
      sass: '*'
      stylus: '*'
      sugarss: '*'
      terser: ^5.4.0
    peerDependenciesMeta:
      '@types/node':
        optional: true
      less:
        optional: true
      lightningcss:
        optional: true
      sass:
        optional: true
      stylus:
        optional: true
      sugarss:
        optional: true
      terser:
        optional: true

  vitepress@1.0.0-rc.14:
    resolution: {integrity: sha512-yChIeXOAcNvVnSVjhziH1vte0uhKb00PuZf7KdIMfx3ixTMAz73Nn+6gREvCv0SdH+anteGUKz5eljv0ygcgGQ==}
    hasBin: true
    peerDependencies:
      markdown-it-mathjax3: ^4.3.2
    peerDependenciesMeta:
      markdown-it-mathjax3:
        optional: true

  vscode-oniguruma@1.7.0:
    resolution: {integrity: sha512-L9WMGRfrjOhgHSdOYgCt/yRMsXzLDJSL7BPrOZt73gU0iWO4mpqzqQzOz5srxqTvMBaR0XZTSrVWo4j55Rc6cA==}

  vscode-textmate@8.0.0:
    resolution: {integrity: sha512-AFbieoL7a5LMqcnOF04ji+rpXadgOXnZsxQr//r83kLPr7biP7am3g9zbaZIaBGwBRWeSvoMD4mgPdX3e4NWBg==}

  vue-demi@0.14.10:
    resolution: {integrity: sha512-nMZBOwuzabUO0nLgIcc6rycZEebF6eeUfaiQx9+WSk8e29IbLvPU9feI6tqW4kTo3hvoYAJkMh8n8D0fuISphg==}
    engines: {node: '>=12'}
    hasBin: true
    peerDependencies:
      '@vue/composition-api': ^1.0.0-rc.1
      vue: ^3.0.0-0 || ^2.6.0
    peerDependenciesMeta:
      '@vue/composition-api':
        optional: true

  vue@3.5.13:
    resolution: {integrity: sha512-wmeiSMxkZCSc+PM2w2VRsOYAZC8GdipNFRTsLSfodVqI9mbejKeXEGr8SckuLnrQPGe3oJN5c3K0vpoU9q/wCQ==}
    peerDependencies:
      typescript: '*'
    peerDependenciesMeta:
      typescript:
        optional: true

snapshots:

  '@algolia/autocomplete-core@1.17.9(@algolia/client-search@5.23.0)(algoliasearch@5.23.0)(search-insights@2.17.3)':
    dependencies:
      '@algolia/autocomplete-plugin-algolia-insights': 1.17.9(@algolia/client-search@5.23.0)(algoliasearch@5.23.0)(search-insights@2.17.3)
      '@algolia/autocomplete-shared': 1.17.9(@algolia/client-search@5.23.0)(algoliasearch@5.23.0)
    transitivePeerDependencies:
      - '@algolia/client-search'
      - algoliasearch
      - search-insights

  '@algolia/autocomplete-plugin-algolia-insights@1.17.9(@algolia/client-search@5.23.0)(algoliasearch@5.23.0)(search-insights@2.17.3)':
    dependencies:
      '@algolia/autocomplete-shared': 1.17.9(@algolia/client-search@5.23.0)(algoliasearch@5.23.0)
      search-insights: 2.17.3
    transitivePeerDependencies:
      - '@algolia/client-search'
      - algoliasearch

  '@algolia/autocomplete-preset-algolia@1.17.9(@algolia/client-search@5.23.0)(algoliasearch@5.23.0)':
    dependencies:
      '@algolia/autocomplete-shared': 1.17.9(@algolia/client-search@5.23.0)(algoliasearch@5.23.0)
      '@algolia/client-search': 5.23.0
      algoliasearch: 5.23.0

  '@algolia/autocomplete-shared@1.17.9(@algolia/client-search@5.23.0)(algoliasearch@5.23.0)':
    dependencies:
      '@algolia/client-search': 5.23.0
      algoliasearch: 5.23.0

  '@algolia/client-abtesting@5.23.0':
    dependencies:
      '@algolia/client-common': 5.23.0
      '@algolia/requester-browser-xhr': 5.23.0
      '@algolia/requester-fetch': 5.23.0
      '@algolia/requester-node-http': 5.23.0

  '@algolia/client-analytics@5.23.0':
    dependencies:
      '@algolia/client-common': 5.23.0
      '@algolia/requester-browser-xhr': 5.23.0
      '@algolia/requester-fetch': 5.23.0
      '@algolia/requester-node-http': 5.23.0

  '@algolia/client-common@5.23.0': {}

  '@algolia/client-insights@5.23.0':
    dependencies:
      '@algolia/client-common': 5.23.0
      '@algolia/requester-browser-xhr': 5.23.0
      '@algolia/requester-fetch': 5.23.0
      '@algolia/requester-node-http': 5.23.0

  '@algolia/client-personalization@5.23.0':
    dependencies:
      '@algolia/client-common': 5.23.0
      '@algolia/requester-browser-xhr': 5.23.0
      '@algolia/requester-fetch': 5.23.0
      '@algolia/requester-node-http': 5.23.0

  '@algolia/client-query-suggestions@5.23.0':
    dependencies:
      '@algolia/client-common': 5.23.0
      '@algolia/requester-browser-xhr': 5.23.0
      '@algolia/requester-fetch': 5.23.0
      '@algolia/requester-node-http': 5.23.0

  '@algolia/client-search@5.23.0':
    dependencies:
      '@algolia/client-common': 5.23.0
      '@algolia/requester-browser-xhr': 5.23.0
      '@algolia/requester-fetch': 5.23.0
      '@algolia/requester-node-http': 5.23.0

  '@algolia/ingestion@1.23.0':
    dependencies:
      '@algolia/client-common': 5.23.0
      '@algolia/requester-browser-xhr': 5.23.0
      '@algolia/requester-fetch': 5.23.0
      '@algolia/requester-node-http': 5.23.0

  '@algolia/monitoring@1.23.0':
    dependencies:
      '@algolia/client-common': 5.23.0
      '@algolia/requester-browser-xhr': 5.23.0
      '@algolia/requester-fetch': 5.23.0
      '@algolia/requester-node-http': 5.23.0

  '@algolia/recommend@5.23.0':
    dependencies:
      '@algolia/client-common': 5.23.0
      '@algolia/requester-browser-xhr': 5.23.0
      '@algolia/requester-fetch': 5.23.0
      '@algolia/requester-node-http': 5.23.0

  '@algolia/requester-browser-xhr@5.23.0':
    dependencies:
      '@algolia/client-common': 5.23.0

  '@algolia/requester-fetch@5.23.0':
    dependencies:
      '@algolia/client-common': 5.23.0

  '@algolia/requester-node-http@5.23.0':
    dependencies:
      '@algolia/client-common': 5.23.0

  '@babel/helper-string-parser@7.25.9': {}

  '@babel/helper-validator-identifier@7.25.9': {}

  '@babel/parser@7.27.0':
    dependencies:
      '@babel/types': 7.27.0

  '@babel/types@7.27.0':
    dependencies:
      '@babel/helper-string-parser': 7.25.9
      '@babel/helper-validator-identifier': 7.25.9

  '@docsearch/css@3.9.0': {}

  '@docsearch/js@3.9.0(@algolia/client-search@5.23.0)(search-insights@2.17.3)':
    dependencies:
      '@docsearch/react': 3.9.0(@algolia/client-search@5.23.0)(search-insights@2.17.3)
      preact: 10.26.4
    transitivePeerDependencies:
      - '@algolia/client-search'
      - '@types/react'
      - react
      - react-dom
      - search-insights

  '@docsearch/react@3.9.0(@algolia/client-search@5.23.0)(search-insights@2.17.3)':
    dependencies:
      '@algolia/autocomplete-core': 1.17.9(@algolia/client-search@5.23.0)(algoliasearch@5.23.0)(search-insights@2.17.3)
      '@algolia/autocomplete-preset-algolia': 1.17.9(@algolia/client-search@5.23.0)(algoliasearch@5.23.0)
      '@docsearch/css': 3.9.0
      algoliasearch: 5.23.0
    optionalDependencies:
      search-insights: 2.17.3
    transitivePeerDependencies:
      - '@algolia/client-search'

  '@esbuild/android-arm64@0.18.20':
    optional: true

  '@esbuild/android-arm@0.18.20':
    optional: true

  '@esbuild/android-x64@0.18.20':
    optional: true

  '@esbuild/darwin-arm64@0.18.20':
    optional: true

  '@esbuild/darwin-x64@0.18.20':
    optional: true

  '@esbuild/freebsd-arm64@0.18.20':
    optional: true

  '@esbuild/freebsd-x64@0.18.20':
    optional: true

  '@esbuild/linux-arm64@0.18.20':
    optional: true

  '@esbuild/linux-arm@0.18.20':
    optional: true

  '@esbuild/linux-ia32@0.18.20':
    optional: true

  '@esbuild/linux-loong64@0.18.20':
    optional: true

  '@esbuild/linux-mips64el@0.18.20':
    optional: true

  '@esbuild/linux-ppc64@0.18.20':
    optional: true

  '@esbuild/linux-riscv64@0.18.20':
    optional: true

  '@esbuild/linux-s390x@0.18.20':
    optional: true

  '@esbuild/linux-x64@0.18.20':
    optional: true

  '@esbuild/netbsd-x64@0.18.20':
    optional: true

  '@esbuild/openbsd-x64@0.18.20':
    optional: true

  '@esbuild/sunos-x64@0.18.20':
    optional: true

  '@esbuild/win32-arm64@0.18.20':
    optional: true

  '@esbuild/win32-ia32@0.18.20':
    optional: true

  '@esbuild/win32-x64@0.18.20':
    optional: true

  '@jridgewell/sourcemap-codec@1.5.0': {}

  '@types/web-bluetooth@0.0.20': {}

  '@vue/compiler-core@3.5.13':
    dependencies:
      '@babel/parser': 7.27.0
      '@vue/shared': 3.5.13
      entities: 4.5.0
      estree-walker: 2.0.2
      source-map-js: 1.2.1

  '@vue/compiler-dom@3.5.13':
    dependencies:
      '@vue/compiler-core': 3.5.13
      '@vue/shared': 3.5.13

  '@vue/compiler-sfc@3.5.13':
    dependencies:
      '@babel/parser': 7.27.0
      '@vue/compiler-core': 3.5.13
      '@vue/compiler-dom': 3.5.13
      '@vue/compiler-ssr': 3.5.13
      '@vue/shared': 3.5.13
      estree-walker: 2.0.2
      magic-string: 0.30.17
      postcss: 8.5.3
      source-map-js: 1.2.1

  '@vue/compiler-ssr@3.5.13':
    dependencies:
      '@vue/compiler-dom': 3.5.13
      '@vue/shared': 3.5.13

  '@vue/devtools-api@6.6.4': {}

  '@vue/reactivity@3.5.13':
    dependencies:
      '@vue/shared': 3.5.13

  '@vue/runtime-core@3.5.13':
    dependencies:
      '@vue/reactivity': 3.5.13
      '@vue/shared': 3.5.13

  '@vue/runtime-dom@3.5.13':
    dependencies:
      '@vue/reactivity': 3.5.13
      '@vue/runtime-core': 3.5.13
      '@vue/shared': 3.5.13
      csstype: 3.1.3

  '@vue/server-renderer@3.5.13(vue@3.5.13)':
    dependencies:
      '@vue/compiler-ssr': 3.5.13
      '@vue/shared': 3.5.13
      vue: 3.5.13

  '@vue/shared@3.5.13': {}

  '@vueuse/core@10.11.1(vue@3.5.13)':
    dependencies:
      '@types/web-bluetooth': 0.0.20
      '@vueuse/metadata': 10.11.1
      '@vueuse/shared': 10.11.1(vue@3.5.13)
      vue-demi: 0.14.10(vue@3.5.13)
    transitivePeerDependencies:
      - '@vue/composition-api'
      - vue

  '@vueuse/integrations@10.11.1(focus-trap@7.6.4)(vue@3.5.13)':
    dependencies:
      '@vueuse/core': 10.11.1(vue@3.5.13)
      '@vueuse/shared': 10.11.1(vue@3.5.13)
      vue-demi: 0.14.10(vue@3.5.13)
    optionalDependencies:
      focus-trap: 7.6.4
    transitivePeerDependencies:
      - '@vue/composition-api'
      - vue

  '@vueuse/metadata@10.11.1': {}

  '@vueuse/shared@10.11.1(vue@3.5.13)':
    dependencies:
      vue-demi: 0.14.10(vue@3.5.13)
    transitivePeerDependencies:
      - '@vue/composition-api'
      - vue

  algoliasearch@5.23.0:
    dependencies:
      '@algolia/client-abtesting': 5.23.0
      '@algolia/client-analytics': 5.23.0
      '@algolia/client-common': 5.23.0
      '@algolia/client-insights': 5.23.0
      '@algolia/client-personalization': 5.23.0
      '@algolia/client-query-suggestions': 5.23.0
      '@algolia/client-search': 5.23.0
      '@algolia/ingestion': 1.23.0
      '@algolia/monitoring': 1.23.0
      '@algolia/recommend': 5.23.0
      '@algolia/requester-browser-xhr': 5.23.0
      '@algolia/requester-fetch': 5.23.0
      '@algolia/requester-node-http': 5.23.0

  ansi-sequence-parser@1.1.3: {}

  csstype@3.1.3: {}

  entities@4.5.0: {}

  esbuild@0.18.20:
    optionalDependencies:
      '@esbuild/android-arm': 0.18.20
      '@esbuild/android-arm64': 0.18.20
      '@esbuild/android-x64': 0.18.20
      '@esbuild/darwin-arm64': 0.18.20
      '@esbuild/darwin-x64': 0.18.20
      '@esbuild/freebsd-arm64': 0.18.20
      '@esbuild/freebsd-x64': 0.18.20
      '@esbuild/linux-arm': 0.18.20
      '@esbuild/linux-arm64': 0.18.20
      '@esbuild/linux-ia32': 0.18.20
      '@esbuild/linux-loong64': 0.18.20
      '@esbuild/linux-mips64el': 0.18.20
      '@esbuild/linux-ppc64': 0.18.20
      '@esbuild/linux-riscv64': 0.18.20
      '@esbuild/linux-s390x': 0.18.20
      '@esbuild/linux-x64': 0.18.20
      '@esbuild/netbsd-x64': 0.18.20
      '@esbuild/openbsd-x64': 0.18.20
      '@esbuild/sunos-x64': 0.18.20
      '@esbuild/win32-arm64': 0.18.20
      '@esbuild/win32-ia32': 0.18.20
      '@esbuild/win32-x64': 0.18.20

  estree-walker@2.0.2: {}

  focus-trap@7.6.4:
    dependencies:
      tabbable: 6.2.0

  fsevents@2.3.3:
    optional: true

  jsonc-parser@3.3.1: {}

  magic-string@0.30.17:
    dependencies:
      '@jridgewell/sourcemap-codec': 1.5.0

  mark.js@8.11.1: {}

  minisearch@6.3.0: {}

  nanoid@3.3.11: {}

  picocolors@1.1.1: {}

  postcss@8.5.3:
    dependencies:
      nanoid: 3.3.11
      picocolors: 1.1.1
      source-map-js: 1.2.1

  preact@10.26.4: {}

  rollup@3.29.5:
    optionalDependencies:
      fsevents: 2.3.3

  search-insights@2.17.3: {}

  shiki@0.14.7:
    dependencies:
      ansi-sequence-parser: 1.1.3
      jsonc-parser: 3.3.1
      vscode-oniguruma: 1.7.0
      vscode-textmate: 8.0.0

  source-map-js@1.2.1: {}

  tabbable@6.2.0: {}

  toml@3.0.0: {}

  vite@4.5.10:
    dependencies:
      esbuild: 0.18.20
      postcss: 8.5.3
      rollup: 3.29.5
    optionalDependencies:
      fsevents: 2.3.3

  vitepress@1.0.0-rc.14(@algolia/client-search@5.23.0)(search-insights@2.17.3):
    dependencies:
      '@docsearch/css': 3.9.0
      '@docsearch/js': 3.9.0(@algolia/client-search@5.23.0)(search-insights@2.17.3)
      '@vue/devtools-api': 6.6.4
      '@vueuse/core': 10.11.1(vue@3.5.13)
      '@vueuse/integrations': 10.11.1(focus-trap@7.6.4)(vue@3.5.13)
      focus-trap: 7.6.4
      mark.js: 8.11.1
      minisearch: 6.3.0
      shiki: 0.14.7
      vite: 4.5.10
      vue: 3.5.13
    transitivePeerDependencies:
      - '@algolia/client-search'
      - '@types/node'
      - '@types/react'
      - '@vue/composition-api'
      - async-validator
      - axios
      - change-case
      - drauu
      - fuse.js
      - idb-keyval
      - jwt-decode
      - less
      - lightningcss
      - nprogress
      - qrcode
      - react
      - react-dom
      - sass
      - search-insights
      - sortablejs
      - stylus
      - sugarss
      - terser
      - typescript
      - universal-cookie

  vscode-oniguruma@1.7.0: {}

  vscode-textmate@8.0.0: {}

  vue-demi@0.14.10(vue@3.5.13):
    dependencies:
      vue: 3.5.13

  vue@3.5.13:
    dependencies:
      '@vue/compiler-dom': 3.5.13
      '@vue/compiler-sfc': 3.5.13
      '@vue/runtime-dom': 3.5.13
      '@vue/server-renderer': 3.5.13(vue@3.5.13)
      '@vue/shared': 3.5.13
